
Microsoft Visual Studio Solution File, Format Version 12.00
# Visual Studio 2013
VisualStudioVersion = 12.0.21005.1
MinimumVisualStudioVersion = 10.0.40219.1
Project("{FAE04EC0-301F-11D3-BF4B-00C04F79EFBC}") = "SIC.WebApi", "SIC\SIC.WebApi.csproj", "{311654FB-9865-47C6-B75C-DD24D856622A}"
EndProject
Project("{FAE04EC0-301F-11D3-BF4B-00C04F79EFBC}") = "SIC.Tests", "SIC.Tests\SIC.Tests.csproj", "{28F390A7-1BA7-4567-9C0F-3B5EAD8EBACF}"
EndProject
Project("{2150E333-8FDC-42A3-9474-1A3956D46DE8}") = "1 - Services", "1 - Services", "{153E38F6-BB87-4774-843A-C2A2AD81A9E1}"
EndProject
Project("{2150E333-8FDC-42A3-9474-1A3956D46DE8}") = "2 - Business", "2 - Business", "{32636435-56A6-47CD-AE7C-01C44AAA5C2B}"
EndProject
Project("{2150E333-8FDC-42A3-9474-1A3956D46DE8}") = "3 - Infra", "3 - Infra", "{DA25DF9C-F4F5-4F3B-A5A2-FB3FD8A5FE62}"
EndProject
Project("{2150E333-8FDC-42A3-9474-1A3956D46DE8}") = "0 - Presentation", "0 - Presentation", "{8CE350CA-AA41-49FB-B393-8F9CA0191A64}"
EndProject
Global
	GlobalSection(SolutionConfigurationPlatforms) = preSolution
		Debug|Any CPU = Debug|Any CPU
		Release|Any CPU = Release|Any CPU
	EndGlobalSection
	GlobalSection(ProjectConfigurationPlatforms) = postSolution
		{311654FB-9865-47C6-B75C-DD24D856622A}.Debug|Any CPU.ActiveCfg = Debug|Any CPU
		{311654FB-9865-47C6-B75C-DD24D856622A}.Debug|Any CPU.Build.0 = Debug|Any CPU
		{311654FB-9865-47C6-B75C-DD24D856622A}.Release|Any CPU.ActiveCfg = Release|Any CPU
		{311654FB-9865-47C6-B75C-DD24D856622A}.Release|Any CPU.Build.0 = Release|Any CPU
		{28F390A7-1BA7-4567-9C0F-3B5EAD8EBACF}.Debug|Any CPU.ActiveCfg = Debug|Any CPU
		{28F390A7-1BA7-4567-9C0F-3B5EAD8EBACF}.Debug|Any CPU.Build.0 = Debug|Any CPU
		{28F390A7-1BA7-4567-9C0F-3B5EAD8EBACF}.Release|Any CPU.ActiveCfg = Release|Any CPU
		{28F390A7-1BA7-4567-9C0F-3B5EAD8EBACF}.Release|Any CPU.Build.0 = Release|Any CPU
	EndGlobalSection
	GlobalSection(SolutionProperties) = preSolution
		HideSolutionNode = FALSE
	EndGlobalSection
	GlobalSection(NestedProjects) = preSolution
		{311654FB-9865-47C6-B75C-DD24D856622A} = {153E38F6-BB87-4774-843A-C2A2AD81A9E1}
	EndGlobalSection
EndGlobal
